
Microsoft Visual Studio Solution File, Format Version 12.00
# Visual Studio Version 17
VisualStudioVersion = 17.0.31903.59
MinimumVisualStudioVersion = 10.0.40219.1
Project("{FAE04EC0-301F-11D3-BF4B-00C04F79EFBC}") = "MyRestApi.WebApi", "MyRestApi.WebApi\MyRestApi.WebApi.csproj", "{DE3CD8D0-D4A5-4E3B-82B2-B3A562DCFECE}"
EndProject
Project("{FAE04EC0-301F-11D3-BF4B-00C04F79EFBC}") = "MyRestApi.Worker", "MyRestApi.Worker\MyRestApi.Worker.csproj", "{695DFCAD-27EB-41AB-932D-6A9E257677B1}"
EndProject
Project("{FAE04EC0-301F-11D3-BF4B-00C04F79EFBC}") = "MyRestApi.Shared", "MyRestApi.Shared\MyRestApi.Shared.csproj", "{D21BA325-B603-4790-8432-50B8A6B7A71C}"
EndProject
Global
	GlobalSection(SolutionConfigurationPlatforms) = preSolution
		Debug|Any CPU = Debug|Any CPU
		Debug|x64 = Debug|x64
		Debug|x86 = Debug|x86
		Release|Any CPU = Release|Any CPU
		Release|x64 = Release|x64
		Release|x86 = Release|x86
	EndGlobalSection
	GlobalSection(ProjectConfigurationPlatforms) = postSolution
		{DE3CD8D0-D4A5-4E3B-82B2-B3A562DCFECE}.Debug|Any CPU.ActiveCfg = Debug|Any CPU
		{DE3CD8D0-D4A5-4E3B-82B2-B3A562DCFECE}.Debug|Any CPU.Build.0 = Debug|Any CPU
		{DE3CD8D0-D4A5-4E3B-82B2-B3A562DCFECE}.Debug|x64.ActiveCfg = Debug|Any CPU
		{DE3CD8D0-D4A5-4E3B-82B2-B3A562DCFECE}.Debug|x64.Build.0 = Debug|Any CPU
		{DE3CD8D0-D4A5-4E3B-82B2-B3A562DCFECE}.Debug|x86.ActiveCfg = Debug|Any CPU
		{DE3CD8D0-D4A5-4E3B-82B2-B3A562DCFECE}.Debug|x86.Build.0 = Debug|Any CPU
		{DE3CD8D0-D4A5-4E3B-82B2-B3A562DCFECE}.Release|Any CPU.ActiveCfg = Release|Any CPU
		{DE3CD8D0-D4A5-4E3B-82B2-B3A562DCFECE}.Release|Any CPU.Build.0 = Release|Any CPU
		{DE3CD8D0-D4A5-4E3B-82B2-B3A562DCFECE}.Release|x64.ActiveCfg = Release|Any CPU
		{DE3CD8D0-D4A5-4E3B-82B2-B3A562DCFECE}.Release|x64.Build.0 = Release|Any CPU
		{DE3CD8D0-D4A5-4E3B-82B2-B3A562DCFECE}.Release|x86.ActiveCfg = Release|Any CPU
		{DE3CD8D0-D4A5-4E3B-82B2-B3A562DCFECE}.Release|x86.Build.0 = Release|Any CPU
		{695DFCAD-27EB-41AB-932D-6A9E257677B1}.Debug|Any CPU.ActiveCfg = Debug|Any CPU
		{695DFCAD-27EB-41AB-932D-6A9E257677B1}.Debug|Any CPU.Build.0 = Debug|Any CPU
		{695DFCAD-27EB-41AB-932D-6A9E257677B1}.Debug|x64.ActiveCfg = Debug|Any CPU
		{695DFCAD-27EB-41AB-932D-6A9E257677B1}.Debug|x64.Build.0 = Debug|Any CPU
		{695DFCAD-27EB-41AB-932D-6A9E257677B1}.Debug|x86.ActiveCfg = Debug|Any CPU
		{695DFCAD-27EB-41AB-932D-6A9E257677B1}.Debug|x86.Build.0 = Debug|Any CPU
		{695DFCAD-27EB-41AB-932D-6A9E257677B1}.Release|Any CPU.ActiveCfg = Release|Any CPU
		{695DFCAD-27EB-41AB-932D-6A9E257677B1}.Release|Any CPU.Build.0 = Release|Any CPU
		{695DFCAD-27EB-41AB-932D-6A9E257677B1}.Release|x64.ActiveCfg = Release|Any CPU
		{695DFCAD-27EB-41AB-932D-6A9E257677B1}.Release|x64.Build.0 = Release|Any CPU
		{695DFCAD-27EB-41AB-932D-6A9E257677B1}.Release|x86.ActiveCfg = Release|Any CPU
		{695DFCAD-27EB-41AB-932D-6A9E257677B1}.Release|x86.Build.0 = Release|Any CPU
		{D21BA325-B603-4790-8432-50B8A6B7A71C}.Debug|Any CPU.ActiveCfg = Debug|Any CPU
		{D21BA325-B603-4790-8432-50B8A6B7A71C}.Debug|Any CPU.Build.0 = Debug|Any CPU
		{D21BA325-B603-4790-8432-50B8A6B7A71C}.Debug|x64.ActiveCfg = Debug|Any CPU
		{D21BA325-B603-4790-8432-50B8A6B7A71C}.Debug|x64.Build.0 = Debug|Any CPU
		{D21BA325-B603-4790-8432-50B8A6B7A71C}.Debug|x86.ActiveCfg = Debug|Any CPU
		{D21BA325-B603-4790-8432-50B8A6B7A71C}.Debug|x86.Build.0 = Debug|Any CPU
		{D21BA325-B603-4790-8432-50B8A6B7A71C}.Release|Any CPU.ActiveCfg = Release|Any CPU
		{D21BA325-B603-4790-8432-50B8A6B7A71C}.Release|Any CPU.Build.0 = Release|Any CPU
		{D21BA325-B603-4790-8432-50B8A6B7A71C}.Release|x64.ActiveCfg = Release|Any CPU
		{D21BA325-B603-4790-8432-50B8A6B7A71C}.Release|x64.Build.0 = Release|Any CPU
		{D21BA325-B603-4790-8432-50B8A6B7A71C}.Release|x86.ActiveCfg = Release|Any CPU
		{D21BA325-B603-4790-8432-50B8A6B7A71C}.Release|x86.Build.0 = Release|Any CPU
	EndGlobalSection
	GlobalSection(SolutionProperties) = preSolution
		HideSolutionNode = FALSE
	EndGlobalSection
EndGlobal
